<?xml version="1.0" encoding="utf-8"?>
<Project ToolsVersion="4.0" xmlns="http://schemas.microsoft.com/developer/msbuild/2003">
  <ItemGroup>
    <Filter Include="source">
      <UniqueIdentifier>{4FC737F1-C7A5-4376-A066-2A32D752A2FF}</UniqueIdentifier>
      <Extensions>cpp;c;cc;cxx;c++;cppm;ixx;def;odl;idl;hpj;bat;asm;asmx</Extensions>
    </Filter>
    <Filter Include="data">
      <UniqueIdentifier>{8b19a57c-3366-4f72-9653-34782d720478}</UniqueIdentifier>
    </Filter>
  </ItemGroup>
  <ItemGroup>
    <ClCompile Include="..\source\Day1.cpp">
      <Filter>source</Filter>
    </ClCompile>
    <ClCompile Include="..\source\Day2.cpp">
      <Filter>source</Filter>
    </ClCompile>
    <ClCompile Include="..\source\main.cpp">
      <Filter>source</Filter>
    </ClCompile>
    <ClCompile Include="..\source\Day3.cpp">
      <Filter>source</Filter>
    </ClCompile>
    <ClCompile Include="..\source\Day4.cpp">
      <Filter>source</Filter>
    </ClCompile>
    <ClCompile Include="..\source\Day5.cpp">
      <Filter>source</Filter>
    </ClCompile>
    <ClCompile Include="..\source\Day6.cpp">
      <Filter>source</Filter>
    </ClCompile>
    <ClCompile Include="..\source\Day7.cpp">
      <Filter>source</Filter>
    </ClCompile>
    <ClCompile Include="..\source\Day8.cpp">
      <Filter>source</Filter>
    </ClCompile>
    <ClCompile Include="..\source\Day9.cpp">
      <Filter>source</Filter>
    </ClCompile>
    <ClCompile Include="..\source\Day10.cpp">
      <Filter>source</Filter>
    </ClCompile>
    <ClCompile Include="..\source\Day11.cpp">
      <Filter>source</Filter>
    </ClCompile>
    <ClCompile Include="..\source\Day12.cpp">
      <Filter>source</Filter>
    </ClCompile>
    <ClCompile Include="..\source\Day13.cpp">
      <Filter>source</Filter>
    </ClCompile>
    <ClCompile Include="..\source\Day14.cpp">
      <Filter>source</Filter>
    </ClCompile>
    <ClCompile Include="..\source\Day15.cpp">
      <Filter>source</Filter>
    </ClCompile>
    <ClCompile Include="..\source\Day16.cpp">
      <Filter>source</Filter>
    </ClCompile>
    <ClCompile Include="..\source\Day17.cpp">
      <Filter>source</Filter>
    </ClCompile>
    <ClCompile Include="..\source\Day17_part2.cpp">
      <Filter>source</Filter>
    </ClCompile>
  </ItemGroup>
</Project>